<?xml version="1.0" encoding="UTF-8"?>
<Scheme
   LastUpgradeVersion = "0720"
   version = "2.0">
   <BuildAction
      parallelizeBuildables = "YES"
      buildImplicitDependencies = "YES">
      <BuildActionEntries>
         <BuildActionEntry
            buildForTesting = "YES"
            buildForRunning = "YES"
            buildForProfiling = "YES"
            buildForArchiving = "YES"
            buildForAnalyzing = "YES">
            <BuildableReference
               BuildableIdentifier = "primary"
               BlueprintIdentifier = "AD5B1A561C7B02920018ABC3"
               BuildableName = "MyCircleWatch.app"
               BlueprintName = "MyCircleWatch"
               ReferencedContainer = "container:MyCircle.xcodeproj">
            </BuildableReference>
         </BuildActionEntry>
         <BuildActionEntry
            buildForTesting = "YES"
            buildForRunning = "YES"
            buildForProfiling = "YES"
            buildForArchiving = "YES"
            buildForAnalyzing = "YES">
            <BuildableReference
               BuildableIdentifier = "primary"
               BlueprintIdentifier = "AD5B1A621C7B02920018ABC3"
               BuildableName = "MyCircleWatch Extension.appex"
               BlueprintName = "MyCircleWatch Extension"
               ReferencedContainer = "container:MyCircle.xcodeproj">
            </BuildableReference>
         </BuildActionEntry>
         <BuildActionEntry
            buildForTesting = "YES"
            buildForRunning = "YES"
            buildForProfiling = "YES"
            buildForArchiving = "YES"
            buildForAnalyzing = "YES">
            <BuildableReference
               BuildableIdentifier = "primary"
               BlueprintIdentifier = "AD318BB51C1C15E300138E2A"
               BuildableName = "MyCircle.app"
               BlueprintName = "MyCircle"
               ReferencedContainer = "container:MyCircle.xcodeproj">
            </BuildableReference>
         </BuildActionEntry>
      </BuildActionEntries>
   </BuildAction>
   <TestAction
      buildConfiguration = "Debug"
      selectedDebuggerIdentifier = "Xcode.DebuggerFoundation.Debugger.LLDB"
      selectedLauncherIdentifier = "Xcode.DebuggerFoundation.Launcher.LLDB"
      shouldUseLaunchSchemeArgsEnv = "YES">
      <Testables>
      </Testables>
      <MacroExpansion>
         <BuildableReference
            BuildableIdentifier = "primary"
            BlueprintIdentifier = "AD5B1A561C7B02920018ABC3"
            BuildableName = "MyCircleWatch.app"
            BlueprintName = "MyCircleWatch"
            ReferencedContainer = "container:MyCircle.xcodeproj">
         </BuildableReference>
      </MacroExpansion>
      <AdditionalOptions>
      </AdditionalOptions>
   </TestAction>
   <LaunchAction
      buildConfiguration = "Debug"
      selectedDebuggerIdentifier = "Xcode.DebuggerFoundation.Debugger.LLDB"
      selectedLauncherIdentifier = "Xcode.DebuggerFoundation.Launcher.LLDB"
      launchStyle = "0"
      useCustomWorkingDirectory = "NO"
      ignoresPersistentStateOnLaunch = "NO"
      debugDocumentVersioning = "YES"
      debugServiceExtension = "internal"
      allowLocationSimulation = "YES"
      launchAutomaticallySubstyle = "8"
      notificationPayloadFile = "MyCircleWatch Extension/PushNotificationPayload.apns">
      <RemoteRunnable
         runnableDebuggingMode = "2"
         BundleIdentifier = "com.apple.carousel"
         RemotePath = "/MyCircle">
         <BuildableReference
            BuildableIdentifier = "primary"
            BlueprintIdentifier = "AD5B1A561C7B02920018ABC3"
            BuildableName = "MyCircleWatch.app"
            BlueprintName = "MyCircleWatch"
            ReferencedContainer = "container:MyCircle.xcodeproj">
         </BuildableReference>
      </RemoteRunnable>
      <MacroExpansion>
         <BuildableReference
            BuildableIdentifier = "primary"
            BlueprintIdentifier = "AD5B1A561C7B02920018ABC3"
            BuildableName = "MyCircleWatch.app"
            BlueprintName = "MyCircleWatch"
            ReferencedContainer = "container:MyCircle.xcodeproj">
         </BuildableReference>
      </MacroExpansion>
      <AdditionalOptions>
      </AdditionalOptions>
   </LaunchAction>
   <ProfileAction
      buildConfiguration = "Debug"
      shouldUseLaunchSchemeArgsEnv = "YES"
      savedToolIdentifier = ""
      useCustomWorkingDirectory = "NO"
      debugDocumentVersioning = "YES"
      launchAutomaticallySubstyle = "8"
      notificationPayloadFile = "MyCircleWatch Extension/PushNotificationPayload.apns">
      <RemoteRunnable
         runnableDebuggingMode = "2"
         BundleIdentifier = "com.apple.carousel"
         RemotePath = "/MyCircle">
         <BuildableReference
            BuildableIdentifier = "primary"
            BlueprintIdentifier = "AD5B1A561C7B02920018ABC3"
            BuildableName = "MyCircleWatch.app"
            BlueprintName = "MyCircleWatch"
            ReferencedContainer = "container:MyCircle.xcodeproj">
         </BuildableReference>
      </RemoteRunnable>
      <MacroExpansion>
         <BuildableReference
            BuildableIdentifier = "primary"
            BlueprintIdentifier = "AD5B1A561C7B02920018ABC3"
            BuildableName = "MyCircleWatch.app"
            BlueprintName = "MyCircleWatch"
            ReferencedContainer = "container:MyCircle.xcodeproj">
         </BuildableReference>
      </MacroExpansion>
   </ProfileAction>
   <AnalyzeAction
      buildConfiguration = "adhoc">
   </AnalyzeAction>
   <ArchiveAction
      buildConfiguration = "adhoc"
      revealArchiveInOrganizer = "YES">
   </ArchiveAction>
</Scheme>
